// !$*UTF8*$!
{
	archiveVersion = 1;
	classes = {
	};
	objectVersion = 50;
	objects = {

/* Begin PBXBuildFile section */
		3E0D3B1F239C25E4000ABD34 /* AppDelegate.swift in Sources */ = {isa = PBXBuildFile; fileRef = 3E0D3B1E239C25E4000ABD34 /* AppDelegate.swift */; };
		3E0D3B21239C25E4000ABD34 /* SceneDelegate.swift in Sources */ = {isa = PBXBuildFile; fileRef = 3E0D3B20239C25E4000ABD34 /* SceneDelegate.swift */; };
		3E0D3B23239C25E4000ABD34 /* ViewController.swift in Sources */ = {isa = PBXBuildFile; fileRef = 3E0D3B22239C25E4000ABD34 /* ViewController.swift */; };
		3E0D3B26239C25E4000ABD34 /* Main.storyboard in Resources */ = {isa = PBXBuildFile; fileRef = 3E0D3B24239C25E4000ABD34 /* Main.storyboard */; };
		3E0D3B28239C25E6000ABD34 /* Assets.xcassets in Resources */ = {isa = PBXBuildFile; fileRef = 3E0D3B27239C25E6000ABD34 /* Assets.xcassets */; };
		3E0D3B2B239C25E6000ABD34 /* LaunchScreen.storyboard in Resources */ = {isa = PBXBuildFile; fileRef = 3E0D3B29239C25E6000ABD34 /* LaunchScreen.storyboard */; };
		3E0D3B37239C29B6000ABD34 /* Filme.swift in Sources */ = {isa = PBXBuildFile; fileRef = 3E0D3B36239C29B6000ABD34 /* Filme.swift */; };
		3E0D3B3A239C2DBF000ABD34 /* Webservices.swift in Sources */ = {isa = PBXBuildFile; fileRef = 3E0D3B39239C2DBF000ABD34 /* Webservices.swift */; };
		3E0D3B3D239C3385000ABD34 /* FilmesListViewController.swift in Sources */ = {isa = PBXBuildFile; fileRef = 3E0D3B3C239C3385000ABD34 /* FilmesListViewController.swift */; };
		3E0D3B3F239C3643000ABD34 /* FilmeViewModel.swift in Sources */ = {isa = PBXBuildFile; fileRef = 3E0D3B3E239C3643000ABD34 /* FilmeViewModel.swift */; };
		3E0D3B46239C4131000ABD34 /* Date+Extension.swift in Sources */ = {isa = PBXBuildFile; fileRef = 3E0D3B45239C4131000ABD34 /* Date+Extension.swift */; };
		3E0D3B4B239C4CB6000ABD34 /* CategoryFilmListTableViewCell.swift in Sources */ = {isa = PBXBuildFile; fileRef = 3E0D3B4A239C4CB6000ABD34 /* CategoryFilmListTableViewCell.swift */; };
		3E0D3B50239C591C000ABD34 /* Extension+View.swift in Sources */ = {isa = PBXBuildFile; fileRef = 3E0D3B4F239C591C000ABD34 /* Extension+View.swift */; };
		3E0D3B52239C61F9000ABD34 /* FilmeDetailView.swift in Sources */ = {isa = PBXBuildFile; fileRef = 3E0D3B51239C61F9000ABD34 /* FilmeDetailView.swift */; };
		3E0D3B54239C6F3B000ABD34 /* FilmeCollectionCell.swift in Sources */ = {isa = PBXBuildFile; fileRef = 3E0D3B53239C6F3B000ABD34 /* FilmeCollectionCell.swift */; };
		3E0D3B56239C7669000ABD34 /* FilmesListViewModel.swift in Sources */ = {isa = PBXBuildFile; fileRef = 3E0D3B55239C7669000ABD34 /* FilmesListViewModel.swift */; };
		3E0D3B58239C7E13000ABD34 /* filmes.json in Resources */ = {isa = PBXBuildFile; fileRef = 3E0D3B57239C7E13000ABD34 /* filmes.json */; };
/* End PBXBuildFile section */

/* Begin PBXFileReference section */
		3E0D3B1B239C25E4000ABD34 /* Globo.com_test.app */ = {isa = PBXFileReference; explicitFileType = wrapper.application; includeInIndex = 0; path = Globo.com_test.app; sourceTree = BUILT_PRODUCTS_DIR; };
		3E0D3B1E239C25E4000ABD34 /* AppDelegate.swift */ = {isa = PBXFileReference; lastKnownFileType = sourcecode.swift; path = AppDelegate.swift; sourceTree = "<group>"; };
		3E0D3B20239C25E4000ABD34 /* SceneDelegate.swift */ = {isa = PBXFileReference; lastKnownFileType = sourcecode.swift; path = SceneDelegate.swift; sourceTree = "<group>"; };
		3E0D3B22239C25E4000ABD34 /* ViewController.swift */ = {isa = PBXFileReference; lastKnownFileType = sourcecode.swift; path = ViewController.swift; sourceTree = "<group>"; };
		3E0D3B25239C25E4000ABD34 /* Base */ = {isa = PBXFileReference; lastKnownFileType = file.storyboard; name = Base; path = Base.lproj/Main.storyboard; sourceTree = "<group>"; };
		3E0D3B27239C25E6000ABD34 /* Assets.xcassets */ = {isa = PBXFileReference; lastKnownFileType = folder.assetcatalog; path = Assets.xcassets; sourceTree = "<group>"; };
		3E0D3B2A239C25E6000ABD34 /* Base */ = {isa = PBXFileReference; lastKnownFileType = file.storyboard; name = Base; path = Base.lproj/LaunchScreen.storyboard; sourceTree = "<group>"; };
		3E0D3B2C239C25E6000ABD34 /* Info.plist */ = {isa = PBXFileReference; lastKnownFileType = text.plist.xml; path = Info.plist; sourceTree = "<group>"; };
		3E0D3B36239C29B6000ABD34 /* Filme.swift */ = {isa = PBXFileReference; lastKnownFileType = sourcecode.swift; path = Filme.swift; sourceTree = "<group>"; };
		3E0D3B39239C2DBF000ABD34 /* Webservices.swift */ = {isa = PBXFileReference; lastKnownFileType = sourcecode.swift; path = Webservices.swift; sourceTree = "<group>"; };
		3E0D3B3C239C3385000ABD34 /* FilmesListViewController.swift */ = {isa = PBXFileReference; lastKnownFileType = sourcecode.swift; path = FilmesListViewController.swift; sourceTree = "<group>"; };
		3E0D3B3E239C3643000ABD34 /* FilmeViewModel.swift */ = {isa = PBXFileReference; lastKnownFileType = sourcecode.swift; path = FilmeViewModel.swift; sourceTree = "<group>"; };
		3E0D3B45239C4131000ABD34 /* Date+Extension.swift */ = {isa = PBXFileReference; lastKnownFileType = sourcecode.swift; path = "Date+Extension.swift"; sourceTree = "<group>"; };
		3E0D3B4A239C4CB6000ABD34 /* CategoryFilmListTableViewCell.swift */ = {isa = PBXFileReference; lastKnownFileType = sourcecode.swift; path = CategoryFilmListTableViewCell.swift; sourceTree = "<group>"; };
		3E0D3B4F239C591C000ABD34 /* Extension+View.swift */ = {isa = PBXFileReference; lastKnownFileType = sourcecode.swift; path = "Extension+View.swift"; sourceTree = "<group>"; };
		3E0D3B51239C61F9000ABD34 /* FilmeDetailView.swift */ = {isa = PBXFileReference; lastKnownFileType = sourcecode.swift; path = FilmeDetailView.swift; sourceTree = "<group>"; };
		3E0D3B53239C6F3B000ABD34 /* FilmeCollectionCell.swift */ = {isa = PBXFileReference; lastKnownFileType = sourcecode.swift; path = FilmeCollectionCell.swift; sourceTree = "<group>"; };
		3E0D3B55239C7669000ABD34 /* FilmesListViewModel.swift */ = {isa = PBXFileReference; lastKnownFileType = sourcecode.swift; path = FilmesListViewModel.swift; sourceTree = "<group>"; };
		3E0D3B57239C7E13000ABD34 /* filmes.json */ = {isa = PBXFileReference; fileEncoding = 4; lastKnownFileType = text.json; name = filmes.json; path = ../../../../../Downloads/filmes.json; sourceTree = "<group>"; };
/* End PBXFileReference section */

/* Begin PBXFrameworksBuildPhase section */
		3E0D3B18239C25E4000ABD34 /* Frameworks */ = {
			isa = PBXFrameworksBuildPhase;
			buildActionMask = 2147483647;
			files = (
			);
			runOnlyForDeploymentPostprocessing = 0;
		};
/* End PBXFrameworksBuildPhase section */

/* Begin PBXGroup section */
		3E0D3B12239C25E4000ABD34 = {
			isa = PBXGroup;
			children = (
				3E0D3B1D239C25E4000ABD34 /* Globo.com_test */,
				3E0D3B1C239C25E4000ABD34 /* Products */,
			);
			sourceTree = "<group>";
		};
		3E0D3B1C239C25E4000ABD34 /* Products */ = {
			isa = PBXGroup;
			children = (
				3E0D3B1B239C25E4000ABD34 /* Globo.com_test.app */,
			);
			name = Products;
			sourceTree = "<group>";
		};
		3E0D3B1D239C25E4000ABD34 /* Globo.com_test */ = {
			isa = PBXGroup;
			children = (
				3E0D3B41239C3FD9000ABD34 /* Extensions */,
				3E0D3B3B239C3330000ABD34 /* Views */,
				3E0D3B38239C2DA7000ABD34 /* Services */,
				3E0D3B33239C261B000ABD34 /* ViewModels */,
				3E0D3B32239C2606000ABD34 /* Models */,
				3E0D3B1E239C25E4000ABD34 /* AppDelegate.swift */,
				3E0D3B20239C25E4000ABD34 /* SceneDelegate.swift */,
				3E0D3B22239C25E4000ABD34 /* ViewController.swift */,
				3E0D3B24239C25E4000ABD34 /* Main.storyboard */,
				3E0D3B27239C25E6000ABD34 /* Assets.xcassets */,
				3E0D3B29239C25E6000ABD34 /* LaunchScreen.storyboard */,
				3E0D3B2C239C25E6000ABD34 /* Info.plist */,
			);
			path = Globo.com_test;
			sourceTree = "<group>";
		};
		3E0D3B32239C2606000ABD34 /* Models */ = {
			isa = PBXGroup;
			children = (
				3E0D3B36239C29B6000ABD34 /* Filme.swift */,
			);
			path = Models;
			sourceTree = "<group>";
		};
		3E0D3B33239C261B000ABD34 /* ViewModels */ = {
			isa = PBXGroup;
			children = (
				3E0D3B3E239C3643000ABD34 /* FilmeViewModel.swift */,
				3E0D3B55239C7669000ABD34 /* FilmesListViewModel.swift */,
			);
			path = ViewModels;
			sourceTree = "<group>";
		};
		3E0D3B38239C2DA7000ABD34 /* Services */ = {
			isa = PBXGroup;
			children = (
				3E0D3B57239C7E13000ABD34 /* filmes.json */,
				3E0D3B39239C2DBF000ABD34 /* Webservices.swift */,
			);
			path = Services;
			sourceTree = "<group>";
		};
		3E0D3B3B239C3330000ABD34 /* Views */ = {
			isa = PBXGroup;
			children = (
				3E0D3B3C239C3385000ABD34 /* FilmesListViewController.swift */,
				3E0D3B4A239C4CB6000ABD34 /* CategoryFilmListTableViewCell.swift */,
				3E0D3B51239C61F9000ABD34 /* FilmeDetailView.swift */,
				3E0D3B53239C6F3B000ABD34 /* FilmeCollectionCell.swift */,
			);
			path = Views;
			sourceTree = "<group>";
		};
		3E0D3B41239C3FD9000ABD34 /* Extensions */ = {
			isa = PBXGroup;
			children = (
				3E0D3B45239C4131000ABD34 /* Date+Extension.swift */,
				3E0D3B4F239C591C000ABD34 /* Extension+View.swift */,
			);
			path = Extensions;
			sourceTree = "<group>";
		};
/* End PBXGroup section */

/* Begin PBXNativeTarget section */
		3E0D3B1A239C25E4000ABD34 /* Globo.com_test */ = {
			isa = PBXNativeTarget;
			buildConfigurationList = 3E0D3B2F239C25E6000ABD34 /* Build configuration list for PBXNativeTarget "Globo.com_test" */;
			buildPhases = (
				3E0D3B17239C25E4000ABD34 /* Sources */,
				3E0D3B18239C25E4000ABD34 /* Frameworks */,
				3E0D3B19239C25E4000ABD34 /* Resources */,
			);
			buildRules = (
			);
			dependencies = (
			);
			name = Globo.com_test;
			productName = Globo.com_test;
			productReference = 3E0D3B1B239C25E4000ABD34 /* Globo.com_test.app */;
			productType = "com.apple.product-type.application";
		};
/* End PBXNativeTarget section */

/* Begin PBXProject section */
		3E0D3B13239C25E4000ABD34 /* Project object */ = {
			isa = PBXProject;
			attributes = {
				LastSwiftUpdateCheck = 1120;
				LastUpgradeCheck = 1120;
				ORGANIZATIONNAME = FabioQuintanilha;
				TargetAttributes = {
					3E0D3B1A239C25E4000ABD34 = {
						CreatedOnToolsVersion = 11.2.1;
					};
				};
			};
			buildConfigurationList = 3E0D3B16239C25E4000ABD34 /* Build configuration list for PBXProject "Globo.com_test" */;
			compatibilityVersion = "Xcode 9.3";
			developmentRegion = en;
			hasScannedForEncodings = 0;
			knownRegions = (
				en,
				Base,
			);
			mainGroup = 3E0D3B12239C25E4000ABD34;
			productRefGroup = 3E0D3B1C239C25E4000ABD34 /* Products */;
			projectDirPath = "";
			projectRoot = "";
			targets = (
				3E0D3B1A239C25E4000ABD34 /* Globo.com_test */,
			);
		};
/* End PBXProject section */

/* Begin PBXResourcesBuildPhase section */
		3E0D3B19239C25E4000ABD34 /* Resources */ = {
			isa = PBXResourcesBuildPhase;
			buildActionMask = 2147483647;
			files = (
				3E0D3B2B239C25E6000ABD34 /* LaunchScreen.storyboard in Resources */,
				3E0D3B28239C25E6000ABD34 /* Assets.xcassets in Resources */,
				3E0D3B26239C25E4000ABD34 /* Main.storyboard in Resources */,
				3E0D3B58239C7E13000ABD34 /* filmes.json in Resources */,
			);
			runOnlyForDeploymentPostprocessing = 0;
		};
/* End PBXResourcesBuildPhase section */

/* Begin PBXSourcesBuildPhase section */
		3E0D3B17239C25E4000ABD34 /* Sources */ = {
			isa = PBXSourcesBuildPhase;
			buildActionMask = 2147483647;
			files = (
				3E0D3B23239C25E4000ABD34 /* ViewController.swift in Sources */,
				3E0D3B4B239C4CB6000ABD34 /* CategoryFilmListTableViewCell.swift in Sources */,
				3E0D3B1F239C25E4000ABD34 /* AppDelegate.swift in Sources */,
				3E0D3B3D239C3385000ABD34 /* FilmesListViewController.swift in Sources */,
				3E0D3B50239C591C000ABD34 /* Extension+View.swift in Sources */,
				3E0D3B3F239C3643000ABD34 /* FilmeViewModel.swift in Sources */,
				3E0D3B21239C25E4000ABD34 /* SceneDelegate.swift in Sources */,
				3E0D3B37239C29B6000ABD34 /* Filme.swift in Sources */,
				3E0D3B3A239C2DBF000ABD34 /* Webservices.swift in Sources */,
				3E0D3B46239C4131000ABD34 /* Date+Extension.swift in Sources */,
				3E0D3B56239C7669000ABD34 /* FilmesListViewModel.swift in Sources */,
				3E0D3B52239C61F9000ABD34 /* FilmeDetailView.swift in Sources */,
				3E0D3B54239C6F3B000ABD34 /* FilmeCollectionCell.swift in Sources */,
			);
			runOnlyForDeploymentPostprocessing = 0;
		};
/* End PBXSourcesBuildPhase section */

/* Begin PBXVariantGroup section */
		3E0D3B24239C25E4000ABD34 /* Main.storyboard */ = {
			isa = PBXVariantGroup;
			children = (
				3E0D3B25239C25E4000ABD34 /* Base */,
			);
			name = Main.storyboard;
			sourceTree = "<group>";
		};
		3E0D3B29239C25E6000ABD34 /* LaunchScreen.storyboard */ = {
			isa = PBXVariantGroup;
			children = (
				3E0D3B2A239C25E6000ABD34 /* Base */,
			);
			name = LaunchScreen.storyboard;
			sourceTree = "<group>";
		};
/* End PBXVariantGroup section */

/* Begin XCBuildConfiguration section */
		3E0D3B2D239C25E6000ABD34 /* Debug */ = {
			isa = XCBuildConfiguration;
			buildSettings = {
				ALWAYS_SEARCH_USER_PATHS = NO;
				CLANG_ANALYZER_NONNULL = YES;
				CLANG_ANALYZER_NUMBER_OBJECT_CONVERSION = YES_AGGRESSIVE;
				CLANG_CXX_LANGUAGE_STANDARD = "gnu++14";
				CLANG_CXX_LIBRARY = "libc++";
				CLANG_ENABLE_MODULES = YES;
				CLANG_ENABLE_OBJC_ARC = YES;
				CLANG_ENABLE_OBJC_WEAK = YES;
				CLANG_WARN_BLOCK_CAPTURE_AUTORELEASING = YES;
				CLANG_WARN_BOOL_CONVERSION = YES;
				CLANG_WARN_COMMA = YES;
				CLANG_WARN_CONSTANT_CONVERSION = YES;
				CLANG_WARN_DEPRECATED_OBJC_IMPLEMENTATIONS = YES;
				CLANG_WARN_DIRECT_OBJC_ISA_USAGE = YES_ERROR;
				CLANG_WARN_DOCUMENTATION_COMMENTS = YES;
				CLANG_WARN_EMPTY_BODY = YES;
				CLANG_WARN_ENUM_CONVERSION = YES;
				CLANG_WARN_INFINITE_RECURSION = YES;
				CLANG_WARN_INT_CONVERSION = YES;
				CLANG_WARN_NON_LITERAL_NULL_CONVERSION = YES;
				CLANG_WARN_OBJC_IMPLICIT_RETAIN_SELF = YES;
				CLANG_WARN_OBJC_LITERAL_CONVERSION = YES;
				CLANG_WARN_OBJC_ROOT_CLASS = YES_ERROR;
				CLANG_WARN_RANGE_LOOP_ANALYSIS = YES;
				CLANG_WARN_STRICT_PROTOTYPES = YES;
				CLANG_WARN_SUSPICIOUS_MOVE = YES;
				CLANG_WARN_UNGUARDED_AVAILABILITY = YES_AGGRESSIVE;
				CLANG_WARN_UNREACHABLE_CODE = YES;
				CLANG_WARN__DUPLICATE_METHOD_MATCH = YES;
				COPY_PHASE_STRIP = NO;
				DEBUG_INFORMATION_FORMAT = dwarf;
				ENABLE_STRICT_OBJC_MSGSEND = YES;
				ENABLE_TESTABILITY = YES;
				GCC_C_LANGUAGE_STANDARD = gnu11;
				GCC_DYNAMIC_NO_PIC = NO;
				GCC_NO_COMMON_BLOCKS = YES;
				GCC_OPTIMIZATION_LEVEL = 0;
				GCC_PREPROCESSOR_DEFINITIONS = (
					"DEBUG=1",
					"$(inherited)",
				);
				GCC_WARN_64_TO_32_BIT_CONVERSION = YES;
				GCC_WARN_ABOUT_RETURN_TYPE = YES_ERROR;
				GCC_WARN_UNDECLARED_SELECTOR = YES;
				GCC_WARN_UNINITIALIZED_AUTOS = YES_AGGRESSIVE;
				GCC_WARN_UNUSED_FUNCTION = YES;
				GCC_WARN_UNUSED_VARIABLE = YES;
				IPHONEOS_DEPLOYMENT_TARGET = 13.2;
				MTL_ENABLE_DEBUG_INFO = INCLUDE_SOURCE;
				MTL_FAST_MATH = YES;
				ONLY_ACTIVE_ARCH = YES;
				SDKROOT = iphoneos;
				SWIFT_ACTIVE_COMPILATION_CONDITIONS = DEBUG;
				SWIFT_OPTIMIZATION_LEVEL = "-Onone";
			};
			name = Debug;
		};
		3E0D3B2E239C25E6000ABD34 /* Release */ = {
			isa = XCBuildConfiguration;
			buildSettings = {
				ALWAYS_SEARCH_USER_PATHS = NO;
				CLANG_ANALYZER_NONNULL = YES;
				CLANG_ANALYZER_NUMBER_OBJECT_CONVERSION = YES_AGGRESSIVE;
				CLANG_CXX_LANGUAGE_STANDARD = "gnu++14";
				CLANG_CXX_LIBRARY = "libc++";
				CLANG_ENABLE_MODULES = YES;
				CLANG_ENABLE_OBJC_ARC = YES;
				CLANG_ENABLE_OBJC_WEAK = YES;
				CLANG_WARN_BLOCK_CAPTURE_AUTORELEASING = YES;
				CLANG_WARN_BOOL_CONVERSION = YES;
				CLANG_WARN_COMMA = YES;
				CLANG_WARN_CONSTANT_CONVERSION = YES;
				CLANG_WARN_DEPRECATED_OBJC_IMPLEMENTATIONS = YES;
				CLANG_WARN_DIRECT_OBJC_ISA_USAGE = YES_ERROR;
				CLANG_WARN_DOCUMENTATION_COMMENTS = YES;
				CLANG_WARN_EMPTY_BODY = YES;
				CLANG_WARN_ENUM_CONVERSION = YES;
				CLANG_WARN_INFINITE_RECURSION = YES;
				CLANG_WARN_INT_CONVERSION = YES;
				CLANG_WARN_NON_LITERAL_NULL_CONVERSION = YES;
				CLANG_WARN_OBJC_IMPLICIT_RETAIN_SELF = YES;
				CLANG_WARN_OBJC_LITERAL_CONVERSION = YES;
				CLANG_WARN_OBJC_ROOT_CLASS = YES_ERROR;
				CLANG_WARN_RANGE_LOOP_ANALYSIS = YES;
				CLANG_WARN_STRICT_PROTOTYPES = YES;
				CLANG_WARN_SUSPICIOUS_MOVE = YES;
				CLANG_WARN_UNGUARDED_AVAILABILITY = YES_AGGRESSIVE;
				CLANG_WARN_UNREACHABLE_CODE = YES;
				CLANG_WARN__DUPLICATE_METHOD_MATCH = YES;
				COPY_PHASE_STRIP = NO;
				DEBUG_INFORMATION_FORMAT = "dwarf-with-dsym";
				ENABLE_NS_ASSERTIONS = NO;
				ENABLE_STRICT_OBJC_MSGSEND = YES;
				GCC_C_LANGUAGE_STANDARD = gnu11;
				GCC_NO_COMMON_BLOCKS = YES;
				GCC_WARN_64_TO_32_BIT_CONVERSION = YES;
				GCC_WARN_ABOUT_RETURN_TYPE = YES_ERROR;
				GCC_WARN_UNDECLARED_SELECTOR = YES;
				GCC_WARN_UNINITIALIZED_AUTOS = YES_AGGRESSIVE;
				GCC_WARN_UNUSED_FUNCTION = YES;
				GCC_WARN_UNUSED_VARIABLE = YES;
				IPHONEOS_DEPLOYMENT_TARGET = 13.2;
				MTL_ENABLE_DEBUG_INFO = NO;
				MTL_FAST_MATH = YES;
				SDKROOT = iphoneos;
				SWIFT_COMPILATION_MODE = wholemodule;
				SWIFT_OPTIMIZATION_LEVEL = "-O";
				VALIDATE_PRODUCT = YES;
			};
			name = Release;
		};
		3E0D3B30239C25E6000ABD34 /* Debug */ = {
			isa = XCBuildConfiguration;
			buildSettings = {
				ASSETCATALOG_COMPILER_APPICON_NAME = AppIcon;
				CODE_SIGN_STYLE = Automatic;
				DEVELOPMENT_TEAM = U8M84SE4ND;
				INFOPLIST_FILE = Globo.com_test/Info.plist;
				LD_RUNPATH_SEARCH_PATHS = (
					"$(inherited)",
					"@executable_path/Frameworks",
				);
				PRODUCT_BUNDLE_IDENTIFIER = "FabioQuintanilha.Globo-com-test";
				PRODUCT_NAME = "$(TARGET_NAME)";
				SWIFT_VERSION = 5.0;
				TARGETED_DEVICE_FAMILY = "1,2";
			};
			name = Debug;
		};
		3E0D3B31239C25E6000ABD34 /* Release */ = {
			isa = XCBuildConfiguration;
			buildSettings = {
				ASSETCATALOG_COMPILER_APPICON_NAME = AppIcon;
				CODE_SIGN_STYLE = Automatic;
				DEVELOPMENT_TEAM = U8M84SE4ND;
				INFOPLIST_FILE = Globo.com_test/Info.plist;
				LD_RUNPATH_SEARCH_PATHS = (
					"$(inherited)",
					"@executable_path/Frameworks",
				);
				PRODUCT_BUNDLE_IDENTIFIER = "FabioQuintanilha.Globo-com-test";
				PRODUCT_NAME = "$(TARGET_NAME)";
				SWIFT_VERSION = 5.0;
				TARGETED_DEVICE_FAMILY = "1,2";
			};
			name = Release;
		};
/* End XCBuildConfiguration section */

/* Begin XCConfigurationList section */
		3E0D3B16239C25E4000ABD34 /* Build configuration list for PBXProject "Globo.com_test" */ = {
			isa = XCConfigurationList;
			buildConfigurations = (
				3E0D3B2D239C25E6000ABD34 /* Debug */,
				3E0D3B2E239C25E6000ABD34 /* Release */,
			);
			defaultConfigurationIsVisible = 0;
			defaultConfigurationName = Release;
		};
		3E0D3B2F239C25E6000ABD34 /* Build configuration list for PBXNativeTarget "Globo.com_test" */ = {
			isa = XCConfigurationList;
			buildConfigurations = (
				3E0D3B30239C25E6000ABD34 /* Debug */,
				3E0D3B31239C25E6000ABD34 /* Release */,
			);
			defaultConfigurationIsVisible = 0;
			defaultConfigurationName = Release;
		};
/* End XCConfigurationList section */
	};
	rootObject = 3E0D3B13239C25E4000ABD34 /* Project object */;
}
